Microsoft Visual Studio Solution File, Format Version 12.00
# Visual Studio 15
VisualStudioVersion = 15.0.26430.16
MinimumVisualStudioVersion = 10.0.40219.1
Project("{8BC9CEB8-8B4A-11D0-8D11-00A0C91BC942}") = "SleepyHead", "sleepyhead\SleepyHead.vcxproj", "{822C7266-0BD1-32D4-B26E-5EBFCA6F16DD}"
EndProject
Project("{2150E333-8FDC-42A3-9474-1A3956D46DE8}") = "Solution Items", "Solution Items", "{CC126D10-6D72-43EC-945B-883A89318FC5}"
	ProjectSection(SolutionItems) = preProject
		.gitignore = .gitignore
	EndProjectSection
EndProject
Project("{8BC9CEB8-8B4A-11D0-8D11-00A0C91BC942}") = "SleepyHead-Bridge", "SleepyHead-Bridge\SleepyHead-Bridge.vcxproj", "{EAA1A8E0-0651-4BAB-8AA2-E73B20C54491}"
EndProject
Global
	GlobalSection(SolutionConfigurationPlatforms) = preSolution
		Debug|x64 = Debug|x64
		Debug|x86 = Debug|x86
		Release|x64 = Release|x64
		Release|x86 = Release|x86
	EndGlobalSection
	GlobalSection(ProjectConfigurationPlatforms) = postSolution
		{822C7266-0BD1-32D4-B26E-5EBFCA6F16DD}.Debug|x64.ActiveCfg = Debug|x64
		{822C7266-0BD1-32D4-B26E-5EBFCA6F16DD}.Debug|x64.Build.0 = Debug|x64
		{822C7266-0BD1-32D4-B26E-5EBFCA6F16DD}.Debug|x86.ActiveCfg = Debug|x64
		{822C7266-0BD1-32D4-B26E-5EBFCA6F16DD}.Release|x64.ActiveCfg = Release|x64
		{822C7266-0BD1-32D4-B26E-5EBFCA6F16DD}.Release|x64.Build.0 = Release|x64
		{822C7266-0BD1-32D4-B26E-5EBFCA6F16DD}.Release|x86.ActiveCfg = Release|x64
		{EAA1A8E0-0651-4BAB-8AA2-E73B20C54491}.Debug|x64.ActiveCfg = Debug|x64
		{EAA1A8E0-0651-4BAB-8AA2-E73B20C54491}.Debug|x64.Build.0 = Debug|x64
		{EAA1A8E0-0651-4BAB-8AA2-E73B20C54491}.Debug|x86.ActiveCfg = Debug|Win32
		{EAA1A8E0-0651-4BAB-8AA2-E73B20C54491}.Debug|x86.Build.0 = Debug|Win32
		{EAA1A8E0-0651-4BAB-8AA2-E73B20C54491}.Release|x64.ActiveCfg = Release|x64
		{EAA1A8E0-0651-4BAB-8AA2-E73B20C54491}.Release|x64.Build.0 = Release|x64
		{EAA1A8E0-0651-4BAB-8AA2-E73B20C54491}.Release|x86.ActiveCfg = Release|Win32
		{EAA1A8E0-0651-4BAB-8AA2-E73B20C54491}.Release|x86.Build.0 = Release|Win32
	EndGlobalSection
	GlobalSection(SolutionProperties) = preSolution
		HideSolutionNode = FALSE
	EndGlobalSection
	GlobalSection(ExtensibilityGlobals) = postSolution
		Qt5Version = Qt 5.5 x64
	EndGlobalSection
EndGlobal
