<?xml version="1.0" encoding="utf-8"?>
<Project ToolsVersion="4.0" xmlns="http://schemas.microsoft.com/developer/msbuild/2003">
  <ItemGroup>
    <Filter Include="Form Files">
      <UniqueIdentifier>{99349809-55BA-4b9d-BF79-8FDBB0286EB3}</UniqueIdentifier>
      <Extensions>ui</Extensions>
      <ParseFiles>false</ParseFiles>
    </Filter>
    <Filter Include="Form Files">
      <UniqueIdentifier>{99349809-55BA-4b9d-BF79-8FDBB0286EB3}</UniqueIdentifier>
      <Extensions>ui</Extensions>
      <ParseFiles>false</ParseFiles>
    </Filter>
    <Filter Include="Generated Files">
      <UniqueIdentifier>{71ED8ED8-ACB9-4CE9-BBE1-E00B30144E11}</UniqueIdentifier>
      <Extensions>cpp;c;cxx;moc;h;def;odl;idl;res;</Extensions>
    </Filter>
    <Filter Include="Generated Files">
      <UniqueIdentifier>{71ED8ED8-ACB9-4CE9-BBE1-E00B30144E11}</UniqueIdentifier>
      <Extensions>cpp;c;cxx;moc;h;def;odl;idl;res;</Extensions>
    </Filter>
    <Filter Include="Header Files">
      <UniqueIdentifier>{93995380-89BD-4b04-88EB-625FBE52EBFB}</UniqueIdentifier>
      <Extensions>h;hpp;hxx;hm;inl;inc;xsd</Extensions>
    </Filter>
    <Filter Include="Header Files">
      <UniqueIdentifier>{93995380-89BD-4b04-88EB-625FBE52EBFB}</UniqueIdentifier>
      <Extensions>h;hpp;hxx;hm;inl;inc;xsd</Extensions>
    </Filter>
    <Filter Include="Resource Files">
      <UniqueIdentifier>{D9D6E242-F8AF-46E4-B9FD-80ECBC20BA3E}</UniqueIdentifier>
      <Extensions>qrc;*</Extensions>
      <ParseFiles>false</ParseFiles>
    </Filter>
    <Filter Include="Resource Files">
      <UniqueIdentifier>{D9D6E242-F8AF-46E4-B9FD-80ECBC20BA3E}</UniqueIdentifier>
      <Extensions>qrc;*</Extensions>
      <ParseFiles>false</ParseFiles>
    </Filter>
    <Filter Include="Source Files">
      <UniqueIdentifier>{4FC737F1-C7A5-4376-A066-2A32D752A2FF}</UniqueIdentifier>
      <Extensions>cpp;c;cxx;def;odl;idl;hpj;bat;asm;asmx</Extensions>
    </Filter>
    <Filter Include="Source Files">
      <UniqueIdentifier>{4FC737F1-C7A5-4376-A066-2A32D752A2FF}</UniqueIdentifier>
      <Extensions>cpp;c;cxx;def;odl;idl;hpj;bat;asm;asmx</Extensions>
    </Filter>
    <Filter Include="Distribution Files">
      <UniqueIdentifier>{B83CAF91-C7BF-462F-B76C-EA11631F866C}</UniqueIdentifier>
      <Extensions>*</Extensions>
      <ParseFiles>false</ParseFiles>
    </Filter>
    <Filter Include="Distribution Files">
      <UniqueIdentifier>{B83CAF91-C7BF-462F-B76C-EA11631F866C}</UniqueIdentifier>
      <Extensions>*</Extensions>
      <ParseFiles>false</ParseFiles>
    </Filter>
    <Filter Include="Generated Files\Debug">
      <UniqueIdentifier>{6271b039-e900-48f9-8837-b6b1430041b3}</UniqueIdentifier>
      <Extensions>cpp;moc</Extensions>
      <SourceControlFiles>False</SourceControlFiles>
    </Filter>
    <Filter Include="Generated Files\Release">
      <UniqueIdentifier>{88c5fa98-3938-422e-b4aa-eab4eafa441b}</UniqueIdentifier>
      <Extensions>cpp;moc</Extensions>
      <SourceControlFiles>False</SourceControlFiles>
    </Filter>
    <Filter Include="Source Files\Common">
      <UniqueIdentifier>{94d6245f-4bc3-476e-b0ca-c81d3373b398}</UniqueIdentifier>
    </Filter>
    <Filter Include="Source Files\Compression">
      <UniqueIdentifier>{90cfe036-677c-4c23-aa49-148491cb592f}</UniqueIdentifier>
    </Filter>
    <Filter Include="Source Files\MachineLoaders">
      <UniqueIdentifier>{f68e5c52-bd08-474d-a48e-9c42b5515e37}</UniqueIdentifier>
    </Filter>
    <Filter Include="Source Files\Graphs">
      <UniqueIdentifier>{3410ed98-5bfa-41e1-a158-af92c48f72ec}</UniqueIdentifier>
    </Filter>
    <Filter Include="Source Files\Ui">
      <UniqueIdentifier>{14ac8558-4076-4ab8-b00e-024647f4a1af}</UniqueIdentifier>
    </Filter>
    <Filter Include="Source Files\Sessions">
      <UniqueIdentifier>{397fb70a-1b3c-4c40-9a5f-c82ad3f9ebf8}</UniqueIdentifier>
    </Filter>
    <Filter Include="Source Files\Core">
      <UniqueIdentifier>{b99350e9-fb37-4602-b6ab-eaccfe969a25}</UniqueIdentifier>
    </Filter>
  </ItemGroup>
  <ItemGroup>
    <ClCompile Include="Debug\moc_UpdaterWindow.cpp">
      <Filter>Generated Files\Debug</Filter>
    </ClCompile>
    <ClCompile Include="Release\moc_UpdaterWindow.cpp">
      <Filter>Generated Files\Release</Filter>
    </ClCompile>
    <ClCompile Include="Debug\moc_cms50_loader.cpp">
      <Filter>Generated Files\Debug</Filter>
    </ClCompile>
    <ClCompile Include="Release\moc_cms50_loader.cpp">
      <Filter>Generated Files\Release</Filter>
    </ClCompile>
    <ClCompile Include="Debug\moc_cms50f37_loader.cpp">
      <Filter>Generated Files\Debug</Filter>
    </ClCompile>
    <ClCompile Include="Release\moc_cms50f37_loader.cpp">
      <Filter>Generated Files\Release</Filter>
    </ClCompile>
    <ClCompile Include="Debug\moc_daily.cpp">
      <Filter>Generated Files\Debug</Filter>
    </ClCompile>
    <ClCompile Include="Release\moc_daily.cpp">
      <Filter>Generated Files\Release</Filter>
    </ClCompile>
    <ClCompile Include="Debug\moc_exportcsv.cpp">
      <Filter>Generated Files\Debug</Filter>
    </ClCompile>
    <ClCompile Include="Release\moc_exportcsv.cpp">
      <Filter>Generated Files\Release</Filter>
    </ClCompile>
    <ClCompile Include="Debug\moc_gGraph.cpp">
      <Filter>Generated Files\Debug</Filter>
    </ClCompile>
    <ClCompile Include="Release\moc_gGraph.cpp">
      <Filter>Generated Files\Release</Filter>
    </ClCompile>
    <ClCompile Include="Debug\moc_gGraphView.cpp">
      <Filter>Generated Files\Debug</Filter>
    </ClCompile>
    <ClCompile Include="Release\moc_gGraphView.cpp">
      <Filter>Generated Files\Release</Filter>
    </ClCompile>
    <ClCompile Include="Debug\moc_logger.cpp">
      <Filter>Generated Files\Debug</Filter>
    </ClCompile>
    <ClCompile Include="Release\moc_logger.cpp">
      <Filter>Generated Files\Release</Filter>
    </ClCompile>
    <ClCompile Include="Debug\moc_machine.cpp">
      <Filter>Generated Files\Debug</Filter>
    </ClCompile>
    <ClCompile Include="Release\moc_machine.cpp">
      <Filter>Generated Files\Release</Filter>
    </ClCompile>
    <ClCompile Include="Debug\moc_machine_loader.cpp">
      <Filter>Generated Files\Debug</Filter>
    </ClCompile>
    <ClCompile Include="Release\moc_machine_loader.cpp">
      <Filter>Generated Files\Release</Filter>
    </ClCompile>
    <ClCompile Include="Debug\moc_mainwindow.cpp">
      <Filter>Generated Files\Debug</Filter>
    </ClCompile>
    <ClCompile Include="Release\moc_mainwindow.cpp">
      <Filter>Generated Files\Release</Filter>
    </ClCompile>
    <ClCompile Include="Debug\moc_md300w1_loader.cpp">
      <Filter>Generated Files\Debug</Filter>
    </ClCompile>
    <ClCompile Include="Release\moc_md300w1_loader.cpp">
      <Filter>Generated Files\Release</Filter>
    </ClCompile>
    <ClCompile Include="Debug\moc_newprofile.cpp">
      <Filter>Generated Files\Debug</Filter>
    </ClCompile>
    <ClCompile Include="Release\moc_newprofile.cpp">
      <Filter>Generated Files\Release</Filter>
    </ClCompile>
    <ClCompile Include="Debug\moc_overview.cpp">
      <Filter>Generated Files\Debug</Filter>
    </ClCompile>
    <ClCompile Include="Release\moc_overview.cpp">
      <Filter>Generated Files\Release</Filter>
    </ClCompile>
    <ClCompile Include="Debug\moc_oximeterimport.cpp">
      <Filter>Generated Files\Debug</Filter>
    </ClCompile>
    <ClCompile Include="Release\moc_oximeterimport.cpp">
      <Filter>Generated Files\Release</Filter>
    </ClCompile>
    <ClCompile Include="Debug\moc_preferencesdialog.cpp">
      <Filter>Generated Files\Debug</Filter>
    </ClCompile>
    <ClCompile Include="Release\moc_preferencesdialog.cpp">
      <Filter>Generated Files\Release</Filter>
    </ClCompile>
    <ClCompile Include="Debug\moc_profileselect.cpp">
      <Filter>Generated Files\Debug</Filter>
    </ClCompile>
    <ClCompile Include="Release\moc_profileselect.cpp">
      <Filter>Generated Files\Release</Filter>
    </ClCompile>
    <ClCompile Include="Debug\moc_quazipfile.cpp">
      <Filter>Generated Files\Debug</Filter>
    </ClCompile>
    <ClCompile Include="Release\moc_quazipfile.cpp">
      <Filter>Generated Files\Release</Filter>
    </ClCompile>
    <ClCompile Include="Debug\moc_serialoximeter.cpp">
      <Filter>Generated Files\Debug</Filter>
    </ClCompile>
    <ClCompile Include="Release\moc_serialoximeter.cpp">
      <Filter>Generated Files\Release</Filter>
    </ClCompile>
    <ClCompile Include="Debug\moc_sessionbar.cpp">
      <Filter>Generated Files\Debug</Filter>
    </ClCompile>
    <ClCompile Include="Release\moc_sessionbar.cpp">
      <Filter>Generated Files\Release</Filter>
    </ClCompile>
    <ClCompile Include="Debug\moc_statistics.cpp">
      <Filter>Generated Files\Debug</Filter>
    </ClCompile>
    <ClCompile Include="Release\moc_statistics.cpp">
      <Filter>Generated Files\Release</Filter>
    </ClCompile>
    <ClCompile Include="GeneratedFiles\qrc_Resources.cpp">
      <Filter>Generated Files</Filter>
    </ClCompile>
    <ClCompile Include="Common\CommonColors.cpp">
      <Filter>Source Files\Common</Filter>
    </ClCompile>
    <ClCompile Include="Common\DateTimeUtils.cpp">
      <Filter>Source Files\Common</Filter>
    </ClCompile>
    <ClCompile Include="Common\GraphicsEngine.cpp">
      <Filter>Source Files\Common</Filter>
    </ClCompile>
    <ClCompile Include="Common\GraphName.cpp">
      <Filter>Source Files\Common</Filter>
    </ClCompile>
    <ClCompile Include="Common\ChartColors.cpp">
      <Filter>Source Files\Common</Filter>
    </ClCompile>
    <ClCompile Include="Common\FlagColors.cpp">
      <Filter>Source Files\Common</Filter>
    </ClCompile>
    <ClCompile Include="..\3rdparty\quazip\quazip\unzip.c">
      <Filter>Source Files\Compression</Filter>
    </ClCompile>
    <ClCompile Include="..\3rdparty\quazip\quazip\zip.c">
      <Filter>Source Files\Compression</Filter>
    </ClCompile>
    <ClCompile Include="..\3rdparty\quazip\quazip\JlCompress.cpp">
      <Filter>Source Files\Compression</Filter>
    </ClCompile>
    <ClCompile Include="..\3rdparty\quazip\quazip\qioapi.cpp">
      <Filter>Source Files\Compression</Filter>
    </ClCompile>
    <ClCompile Include="..\3rdparty\quazip\quazip\quaadler32.cpp">
      <Filter>Source Files\Compression</Filter>
    </ClCompile>
    <ClCompile Include="..\3rdparty\quazip\quazip\quacrc32.cpp">
      <Filter>Source Files\Compression</Filter>
    </ClCompile>
    <ClCompile Include="..\3rdparty\quazip\quazip\quazip.cpp">
      <Filter>Source Files\Compression</Filter>
    </ClCompile>
    <ClCompile Include="..\3rdparty\quazip\quazip\quazipfile.cpp">
      <Filter>Source Files\Compression</Filter>
    </ClCompile>
    <ClCompile Include="..\3rdparty\quazip\quazip\quazipfileinfo.cpp">
      <Filter>Source Files\Compression</Filter>
    </ClCompile>
    <ClCompile Include="..\3rdparty\quazip\quazip\quazipnewinfo.cpp">
      <Filter>Source Files\Compression</Filter>
    </ClCompile>
    <ClCompile Include="SleepLib\loader_plugins\cms50_loader.cpp">
      <Filter>Source Files\MachineLoaders</Filter>
    </ClCompile>
    <ClCompile Include="SleepLib\loader_plugins\cms50f37_loader.cpp">
      <Filter>Source Files\MachineLoaders</Filter>
    </ClCompile>
    <ClCompile Include="SleepLib\loader_plugins\icon_loader.cpp">
      <Filter>Source Files\MachineLoaders</Filter>
    </ClCompile>
    <ClCompile Include="SleepLib\loader_plugins\intellipap_loader.cpp">
      <Filter>Source Files\MachineLoaders</Filter>
    </ClCompile>
    <ClCompile Include="SleepLib\machine_loader.cpp">
      <Filter>Source Files\MachineLoaders</Filter>
    </ClCompile>
    <ClCompile Include="SleepLib\loader_plugins\md300w1_loader.cpp">
      <Filter>Source Files\MachineLoaders</Filter>
    </ClCompile>
    <ClCompile Include="SleepLib\loader_plugins\mseries_loader.cpp">
      <Filter>Source Files\MachineLoaders</Filter>
    </ClCompile>
    <ClCompile Include="SleepLib\loader_plugins\prs1_loader.cpp">
      <Filter>Source Files\MachineLoaders</Filter>
    </ClCompile>
    <ClCompile Include="SleepLib\loader_plugins\somnopose_loader.cpp">
      <Filter>Source Files\MachineLoaders</Filter>
    </ClCompile>
    <ClCompile Include="SleepLib\loader_plugins\weinmann_loader.cpp">
      <Filter>Source Files\MachineLoaders</Filter>
    </ClCompile>
    <ClCompile Include="SleepLib\loader_plugins\zeo_loader.cpp">
      <Filter>Source Files\MachineLoaders</Filter>
    </ClCompile>
    <ClCompile Include="SleepLib\loader_plugins\resmed_loader.cpp">
      <Filter>Source Files\MachineLoaders</Filter>
    </ClCompile>
    <ClCompile Include="Graphs\gdailysummary.cpp">
      <Filter>Source Files\Graphs</Filter>
    </ClCompile>
    <ClCompile Include="Graphs\gFlagsLine.cpp">
      <Filter>Source Files\Graphs</Filter>
    </ClCompile>
    <ClCompile Include="Graphs\gFooBar.cpp">
      <Filter>Source Files\Graphs</Filter>
    </ClCompile>
    <ClCompile Include="Graphs\gGraph.cpp">
      <Filter>Source Files\Graphs</Filter>
    </ClCompile>
    <ClCompile Include="Graphs\gGraphView.cpp">
      <Filter>Source Files\Graphs</Filter>
    </ClCompile>
    <ClCompile Include="Graphs\gLineChart.cpp">
      <Filter>Source Files\Graphs</Filter>
    </ClCompile>
    <ClCompile Include="Graphs\gLineOverlay.cpp">
      <Filter>Source Files\Graphs</Filter>
    </ClCompile>
    <ClCompile Include="Graphs\gSegmentChart.cpp">
      <Filter>Source Files\Graphs</Filter>
    </ClCompile>
    <ClCompile Include="Graphs\gSessionTimesChart.cpp">
      <Filter>Source Files\Graphs</Filter>
    </ClCompile>
    <ClCompile Include="Graphs\gspacer.cpp">
      <Filter>Source Files\Graphs</Filter>
    </ClCompile>
    <ClCompile Include="Graphs\gStatsLine.cpp">
      <Filter>Source Files\Graphs</Filter>
    </ClCompile>
    <ClCompile Include="Graphs\gSummaryChart.cpp">
      <Filter>Source Files\Graphs</Filter>
    </ClCompile>
    <ClCompile Include="Graphs\gXAxis.cpp">
      <Filter>Source Files\Graphs</Filter>
    </ClCompile>
    <ClCompile Include="Graphs\gYAxis.cpp">
      <Filter>Source Files\Graphs</Filter>
    </ClCompile>
    <ClCompile Include="Graphs\layer.cpp">
      <Filter>Source Files\Graphs</Filter>
    </ClCompile>
    <ClCompile Include="Ui\MyWebPage.cpp">
      <Filter>Source Files\Ui</Filter>
    </ClCompile>
    <ClCompile Include="Ui\MyWebView.cpp">
      <Filter>Source Files\Ui</Filter>
    </ClCompile>
    <ClCompile Include="daily.cpp">
      <Filter>Source Files\Ui</Filter>
    </ClCompile>
    <ClCompile Include="exportcsv.cpp">
      <Filter>Source Files\Ui</Filter>
    </ClCompile>
    <ClCompile Include="mainwindow.cpp">
      <Filter>Source Files\Ui</Filter>
    </ClCompile>
    <ClCompile Include="newprofile.cpp">
      <Filter>Source Files\Ui</Filter>
    </ClCompile>
    <ClCompile Include="overview.cpp">
      <Filter>Source Files\Ui</Filter>
    </ClCompile>
    <ClCompile Include="oximeterimport.cpp">
      <Filter>Source Files\Ui</Filter>
    </ClCompile>
    <ClCompile Include="preferencesdialog.cpp">
      <Filter>Source Files\Ui</Filter>
    </ClCompile>
    <ClCompile Include="profileselect.cpp">
      <Filter>Source Files\Ui</Filter>
    </ClCompile>
    <ClCompile Include="reports.cpp">
      <Filter>Source Files\Ui</Filter>
    </ClCompile>
    <ClCompile Include="UpdaterWindow.cpp">
      <Filter>Source Files\Ui</Filter>
    </ClCompile>
    <ClCompile Include="SleepLib\progressdialog.cpp">
      <Filter>Source Files\Ui</Filter>
    </ClCompile>
    <ClCompile Include="sessionbar.cpp">
      <Filter>Source Files\Graphs</Filter>
    </ClCompile>
    <ClCompile Include="SleepLib\session.cpp">
      <Filter>Source Files\Sessions</Filter>
    </ClCompile>
    <ClCompile Include="SleepLib\schema.cpp">
      <Filter>Source Files\Sessions</Filter>
    </ClCompile>
    <ClCompile Include="Graphs\MinutesAtPressure.cpp">
      <Filter>Source Files\Graphs</Filter>
    </ClCompile>
    <ClCompile Include="SleepLib\day.cpp">
      <Filter>Source Files\Sessions</Filter>
    </ClCompile>
    <ClCompile Include="SleepLib\serialoximeter.cpp">
      <Filter>Source Files\MachineLoaders</Filter>
    </ClCompile>
    <ClCompile Include="SleepLib\machine.cpp">
      <Filter>Source Files\MachineLoaders</Filter>
    </ClCompile>
    <ClCompile Include="SleepLib\machine_common.cpp">
      <Filter>Source Files\MachineLoaders</Filter>
    </ClCompile>
    <ClCompile Include="SleepLib\journal.cpp">
      <Filter>Source Files\Sessions</Filter>
    </ClCompile>
    <ClCompile Include="SleepLib\common.cpp">
      <Filter>Source Files\Common</Filter>
    </ClCompile>
    <ClCompile Include="SleepLib\event.cpp">
      <Filter>Source Files\Sessions</Filter>
    </ClCompile>
    <ClCompile Include="Graphs\glcommon.cpp">
      <Filter>Source Files\Graphs</Filter>
    </ClCompile>
    <ClCompile Include="welcome.cpp">
      <Filter>Source Files\Ui</Filter>
    </ClCompile>
    <ClCompile Include="updateparser.cpp">
      <Filter>Source Files\Core</Filter>
    </ClCompile>
    <ClCompile Include="statistics.cpp">
      <Filter>Source Files\Core</Filter>
    </ClCompile>
    <ClCompile Include="SleepLib\preferences.cpp">
      <Filter>Source Files\Core</Filter>
    </ClCompile>
    <ClCompile Include="SleepLib\calcs.cpp">
      <Filter>Source Files\Core</Filter>
    </ClCompile>
    <ClCompile Include="logger.cpp">
      <Filter>Source Files\Core</Filter>
    </ClCompile>
    <ClCompile Include="main.cpp">
      <Filter>Source Files\Core</Filter>
    </ClCompile>
    <ClCompile Include="translation.cpp">
      <Filter>Source Files\Core</Filter>
    </ClCompile>
    <ClCompile Include="SleepLib\profiles.cpp">
      <Filter>Source Files\Core</Filter>
    </ClCompile>
    <ClCompile Include="VersionInfo.cpp">
      <Filter>Source Files\Core</Filter>
    </ClCompile>
    <ClCompile Include="HttpHelper.cpp">
      <Filter>Source Files\Core</Filter>
    </ClCompile>
  </ItemGroup>
  <ItemGroup>
    <ClInclude Include="GeneratedFiles\ui_UpdaterWindow.h">
      <Filter>Generated Files</Filter>
    </ClInclude>
    <ClInclude Include="GeneratedFiles\ui_daily.h">
      <Filter>Generated Files</Filter>
    </ClInclude>
    <ClInclude Include="GeneratedFiles\ui_exportcsv.h">
      <Filter>Generated Files</Filter>
    </ClInclude>
    <ClInclude Include="GeneratedFiles\ui_mainwindow.h">
      <Filter>Generated Files</Filter>
    </ClInclude>
    <ClInclude Include="GeneratedFiles\ui_newprofile.h">
      <Filter>Generated Files</Filter>
    </ClInclude>
    <ClInclude Include="GeneratedFiles\ui_overview.h">
      <Filter>Generated Files</Filter>
    </ClInclude>
    <ClInclude Include="GeneratedFiles\ui_oximeterimport.h">
      <Filter>Generated Files</Filter>
    </ClInclude>
    <ClInclude Include="GeneratedFiles\ui_oximetry.h">
      <Filter>Generated Files</Filter>
    </ClInclude>
    <ClInclude Include="GeneratedFiles\ui_preferencesdialog.h">
      <Filter>Generated Files</Filter>
    </ClInclude>
    <ClInclude Include="GeneratedFiles\ui_profileselect.h">
      <Filter>Generated Files</Filter>
    </ClInclude>
    <ClInclude Include="GeneratedFiles\ui_report.h">
      <Filter>Generated Files</Filter>
    </ClInclude>
    <ClInclude Include="Common\ChartColors.h">
      <Filter>Source Files\Common</Filter>
    </ClInclude>
    <ClInclude Include="Common\CommonColors.h">
      <Filter>Source Files\Common</Filter>
    </ClInclude>
    <ClInclude Include="Common\DateTimeUtils.h">
      <Filter>Source Files\Common</Filter>
    </ClInclude>
    <ClInclude Include="Common\FlagColors.h">
      <Filter>Source Files\Common</Filter>
    </ClInclude>
    <ClInclude Include="Common\GraphicsEngine.h">
      <Filter>Source Files\Common</Filter>
    </ClInclude>
    <ClInclude Include="Common\GraphName.h">
      <Filter>Source Files\Common</Filter>
    </ClInclude>
    <ClInclude Include="..\3rdparty\quazip\quazip\unzip.h">
      <Filter>Source Files\Compression</Filter>
    </ClInclude>
    <ClInclude Include="..\3rdparty\quazip\quazip\zip.h">
      <Filter>Source Files\Compression</Filter>
    </ClInclude>
    <ClInclude Include="..\3rdparty\quazip\quazip\quaadler32.h">
      <Filter>Source Files\Compression</Filter>
    </ClInclude>
    <ClInclude Include="..\3rdparty\quazip\quazip\quachecksum32.h">
      <Filter>Source Files\Compression</Filter>
    </ClInclude>
    <ClInclude Include="..\3rdparty\quazip\quazip\quacrc32.h">
      <Filter>Source Files\Compression</Filter>
    </ClInclude>
    <ClInclude Include="..\3rdparty\quazip\quazip\quazip.h">
      <Filter>Source Files\Compression</Filter>
    </ClInclude>
    <ClInclude Include="..\3rdparty\quazip\quazip\quazipfileinfo.h">
      <Filter>Source Files\Compression</Filter>
    </ClInclude>
    <ClInclude Include="..\3rdparty\quazip\quazip\quazipnewinfo.h">
      <Filter>Source Files\Compression</Filter>
    </ClInclude>
    <ClInclude Include="..\3rdparty\quazip\quazip\JlCompress.h">
      <Filter>Source Files\Compression</Filter>
    </ClInclude>
    <ClInclude Include="SleepLib\loader_plugins\intellipap_loader.h">
      <Filter>Source Files\MachineLoaders</Filter>
    </ClInclude>
    <ClInclude Include="SleepLib\loader_plugins\mseries_loader.h">
      <Filter>Source Files\MachineLoaders</Filter>
    </ClInclude>
    <ClInclude Include="SleepLib\loader_plugins\prs1_loader.h">
      <Filter>Source Files\MachineLoaders</Filter>
    </ClInclude>
    <ClInclude Include="SleepLib\loader_plugins\resmed_loader.h">
      <Filter>Source Files\MachineLoaders</Filter>
    </ClInclude>
    <ClInclude Include="SleepLib\loader_plugins\somnopose_loader.h">
      <Filter>Source Files\MachineLoaders</Filter>
    </ClInclude>
    <ClInclude Include="SleepLib\loader_plugins\weinmann_loader.h">
      <Filter>Source Files\MachineLoaders</Filter>
    </ClInclude>
    <ClInclude Include="SleepLib\loader_plugins\zeo_loader.h">
      <Filter>Source Files\MachineLoaders</Filter>
    </ClInclude>
    <ClInclude Include="SleepLib\loader_plugins\icon_loader.h">
      <Filter>Source Files\MachineLoaders</Filter>
    </ClInclude>
    <ClInclude Include="Graphs\gdailysummary.h">
      <Filter>Source Files\Graphs</Filter>
    </ClInclude>
    <ClInclude Include="Graphs\gFlagsLine.h">
      <Filter>Source Files\Graphs</Filter>
    </ClInclude>
    <ClInclude Include="Graphs\gFooBar.h">
      <Filter>Source Files\Graphs</Filter>
    </ClInclude>
    <ClInclude Include="Graphs\gLineChart.h">
      <Filter>Source Files\Graphs</Filter>
    </ClInclude>
    <ClInclude Include="Graphs\gLineOverlay.h">
      <Filter>Source Files\Graphs</Filter>
    </ClInclude>
    <ClInclude Include="Graphs\gSegmentChart.h">
      <Filter>Source Files\Graphs</Filter>
    </ClInclude>
    <ClInclude Include="Graphs\gSessionTimesChart.h">
      <Filter>Source Files\Graphs</Filter>
    </ClInclude>
    <ClInclude Include="Graphs\gspacer.h">
      <Filter>Source Files\Graphs</Filter>
    </ClInclude>
    <ClInclude Include="Graphs\gStatsLine.h">
      <Filter>Source Files\Graphs</Filter>
    </ClInclude>
    <ClInclude Include="Graphs\gSummaryChart.h">
      <Filter>Source Files\Graphs</Filter>
    </ClInclude>
    <ClInclude Include="Graphs\gXAxis.h">
      <Filter>Source Files\Graphs</Filter>
    </ClInclude>
    <ClInclude Include="Graphs\gYAxis.h">
      <Filter>Source Files\Graphs</Filter>
    </ClInclude>
    <ClInclude Include="..\3rdparty\quazip\quazip\ioapi.h">
      <Filter>Source Files\Compression</Filter>
    </ClInclude>
    <ClInclude Include="Graphs\layer.h">
      <Filter>Source Files\Graphs</Filter>
    </ClInclude>
    <ClInclude Include="Ui\MyWebPage.h">
      <Filter>Source Files\Ui</Filter>
    </ClInclude>
    <ClInclude Include="Ui\MyWebView.h">
      <Filter>Source Files\Ui</Filter>
    </ClInclude>
    <ClInclude Include="reports.h">
      <Filter>Source Files\Ui</Filter>
    </ClInclude>
    <ClInclude Include="SleepLib\progressdialog.h">
      <Filter>Source Files\Ui</Filter>
    </ClInclude>
    <ClInclude Include="SleepLib\session.h">
      <Filter>Source Files\Sessions</Filter>
    </ClInclude>
    <ClInclude Include="SleepLib\schema.h">
      <Filter>Source Files\Sessions</Filter>
    </ClInclude>
    <ClInclude Include="Graphs\MinutesAtPressure.h">
      <Filter>Source Files\Graphs</Filter>
    </ClInclude>
    <ClInclude Include="SleepLib\day.h">
      <Filter>Source Files\Sessions</Filter>
    </ClInclude>
    <ClInclude Include="SleepLib\machine_common.h">
      <Filter>Source Files\MachineLoaders</Filter>
    </ClInclude>
    <ClInclude Include="SleepLib\journal.h">
      <Filter>Source Files\Sessions</Filter>
    </ClInclude>
    <ClInclude Include="SleepLib\common.h">
      <Filter>Source Files\Common</Filter>
    </ClInclude>
    <ClInclude Include="SleepLib\event.h">
      <Filter>Source Files\Sessions</Filter>
    </ClInclude>
    <ClInclude Include="Graphs\glcommon.h">
      <Filter>Source Files\Graphs</Filter>
    </ClInclude>
    <ClInclude Include="updateparser.h">
      <Filter>Source Files\Core</Filter>
    </ClInclude>
    <ClInclude Include="translation.h">
      <Filter>Source Files\Core</Filter>
    </ClInclude>
    <ClInclude Include="SleepLib\profiles.h">
      <Filter>Source Files\Core</Filter>
    </ClInclude>
    <ClInclude Include="SleepLib\preferences.h">
      <Filter>Source Files\Core</Filter>
    </ClInclude>
    <ClInclude Include="SleepLib\calcs.h">
      <Filter>Source Files\Core</Filter>
    </ClInclude>
    <ClInclude Include="..\3rdparty\quazip\quazip\crypt.h">
      <Filter>Source Files\Compression</Filter>
    </ClInclude>
    <ClInclude Include="build_number.h">
      <Filter>Source Files\Core</Filter>
    </ClInclude>
    <ClInclude Include="VersionInfo.h">
      <Filter>Source Files\Core</Filter>
    </ClInclude>
    <ClInclude Include="version.h">
      <Filter>Source Files\Core</Filter>
    </ClInclude>
    <ClInclude Include="HttpHelper.h">
      <Filter>Source Files\Core</Filter>
    </ClInclude>
  </ItemGroup>
  <ItemGroup>
    <CustomBuild Include="UpdaterWindow.ui">
      <Filter>Form Files</Filter>
    </CustomBuild>
    <CustomBuild Include="daily.ui">
      <Filter>Form Files</Filter>
    </CustomBuild>
    <CustomBuild Include="exportcsv.ui">
      <Filter>Form Files</Filter>
    </CustomBuild>
    <CustomBuild Include="mainwindow.ui">
      <Filter>Form Files</Filter>
    </CustomBuild>
    <CustomBuild Include="newprofile.ui">
      <Filter>Form Files</Filter>
    </CustomBuild>
    <CustomBuild Include="overview.ui">
      <Filter>Form Files</Filter>
    </CustomBuild>
    <CustomBuild Include="oximeterimport.ui">
      <Filter>Form Files</Filter>
    </CustomBuild>
    <CustomBuild Include="oximetry.ui">
      <Filter>Form Files</Filter>
    </CustomBuild>
    <CustomBuild Include="preferencesdialog.ui">
      <Filter>Form Files</Filter>
    </CustomBuild>
    <CustomBuild Include="profileselect.ui">
      <Filter>Form Files</Filter>
    </CustomBuild>
    <CustomBuild Include="report.ui">
      <Filter>Form Files</Filter>
    </CustomBuild>
    <CustomBuild Include="..\3rdparty\quazip\quazip\quazipfile.h">
      <Filter>Source Files\Compression</Filter>
    </CustomBuild>
    <CustomBuild Include="SleepLib\loader_plugins\cms50f37_loader.h">
      <Filter>Source Files\MachineLoaders</Filter>
    </CustomBuild>
    <CustomBuild Include="SleepLib\loader_plugins\cms50_loader.h">
      <Filter>Source Files\MachineLoaders</Filter>
    </CustomBuild>
    <CustomBuild Include="SleepLib\machine_loader.h">
      <Filter>Source Files\MachineLoaders</Filter>
    </CustomBuild>
    <CustomBuild Include="SleepLib\loader_plugins\md300w1_loader.h">
      <Filter>Source Files\MachineLoaders</Filter>
    </CustomBuild>
    <CustomBuild Include="Graphs\gGraph.h">
      <Filter>Source Files\Graphs</Filter>
    </CustomBuild>
    <CustomBuild Include="Graphs\gGraphView.h">
      <Filter>Source Files\Graphs</Filter>
    </CustomBuild>
    <CustomBuild Include="daily.h">
      <Filter>Source Files\Ui</Filter>
    </CustomBuild>
    <CustomBuild Include="mainwindow.h">
      <Filter>Source Files\Ui</Filter>
    </CustomBuild>
    <CustomBuild Include="oximeterimport.h">
      <Filter>Source Files\Ui</Filter>
    </CustomBuild>
    <CustomBuild Include="preferencesdialog.h">
      <Filter>Source Files\Ui</Filter>
    </CustomBuild>
    <CustomBuild Include="UpdaterWindow.h">
      <Filter>Source Files\Ui</Filter>
    </CustomBuild>
    <CustomBuild Include="exportcsv.h">
      <Filter>Source Files\Ui</Filter>
    </CustomBuild>
    <CustomBuild Include="overview.h">
      <Filter>Source Files\Ui</Filter>
    </CustomBuild>
    <CustomBuild Include="profileselect.h">
      <Filter>Source Files\Ui</Filter>
    </CustomBuild>
    <CustomBuild Include="newprofile.h">
      <Filter>Source Files\Ui</Filter>
    </CustomBuild>
    <CustomBuild Include="sessionbar.h">
      <Filter>Source Files\Graphs</Filter>
    </CustomBuild>
    <CustomBuild Include="SleepLib\serialoximeter.h">
      <Filter>Source Files\MachineLoaders</Filter>
    </CustomBuild>
    <CustomBuild Include="SleepLib\machine.h">
      <Filter>Source Files\MachineLoaders</Filter>
    </CustomBuild>
    <CustomBuild Include="statistics.h">
      <Filter>Source Files\Core</Filter>
    </CustomBuild>
    <CustomBuild Include="logger.h">
      <Filter>Source Files\Core</Filter>
    </CustomBuild>
  </ItemGroup>
  <ItemGroup>
    <None Include="docs\0.0.gif">
      <Filter>Resource Files</Filter>
    </None>
    <None Include="COPYING">
      <Filter>Resource Files</Filter>
    </None>
    <None Include="fonts\FreeSans.ttf">
      <Filter>Resource Files</Filter>
    </None>
    <None Include="icons\Jedimark.png">
      <Filter>Resource Files</Filter>
    </None>
    <CustomBuild Include="Resources.qrc">
      <Filter>Resource Files</Filter>
    </CustomBuild>
    <None Include="icons\aircurve.png">
      <Filter>Resource Files</Filter>
    </None>
    <None Include="icons\airsense10.png">
      <Filter>Resource Files</Filter>
    </None>
    <None Include="icons\arrow-end.png">
      <Filter>Resource Files</Filter>
    </None>
    <None Include="icons\arrow-left.png">
      <Filter>Resource Files</Filter>
    </None>
    <None Include="icons\arrow-right.png">
      <Filter>Resource Files</Filter>
    </None>
    <None Include="icons\back.png">
      <Filter>Resource Files</Filter>
    </None>
    <None Include="icons\bob-v3.0.png">
      <Filter>Resource Files</Filter>
    </None>
    <None Include="icons\bookmark.png">
      <Filter>Resource Files</Filter>
    </None>
    <None Include="docs\channels.xml">
      <Filter>Resource Files</Filter>
    </None>
    <None Include="icons\cms50f.png">
      <Filter>Resource Files</Filter>
    </None>
    <None Include="docs\countries.txt">
      <Filter>Resource Files</Filter>
    </None>
    <None Include="icons\cubeoximeter.png">
      <Filter>Resource Files</Filter>
    </None>
    <None Include="icons\dreamstation.png">
      <Filter>Resource Files</Filter>
    </None>
    <None Include="icons\edit-find.png">
      <Filter>Resource Files</Filter>
    </None>
    <None Include="icons\eye.png">
      <Filter>Resource Files</Filter>
    </None>
    <None Include="icons\forward.png">
      <Filter>Resource Files</Filter>
    </None>
    <None Include="icons\go-home.png">
      <Filter>Resource Files</Filter>
    </None>
    <None Include="icons\help.png">
      <Filter>Resource Files</Filter>
    </None>
    <None Include="icons\intellipap.png">
      <Filter>Resource Files</Filter>
    </None>
    <None Include="icons\last.png">
      <Filter>Resource Files</Filter>
    </None>
    <None Include="icons\mask.png">
      <Filter>Resource Files</Filter>
    </None>
    <None Include="icons\moon.png">
      <Filter>Resource Files</Filter>
    </None>
    <None Include="icons\overview.png">
      <Filter>Resource Files</Filter>
    </None>
    <None Include="icons\oximeter.png">
      <Filter>Resource Files</Filter>
    </None>
    <None Include="icons\preferences.png">
      <Filter>Resource Files</Filter>
    </None>
    <None Include="icons\prs1.png">
      <Filter>Resource Files</Filter>
    </None>
    <None Include="icons\prs1_60s.png">
      <Filter>Resource Files</Filter>
    </None>
    <None Include="icons\prs1_960.png">
      <Filter>Resource Files</Filter>
    </None>
    <None Include="icons\pushpin.png">
      <Filter>Resource Files</Filter>
    </None>
    <None Include="icons\refresh.png">
      <Filter>Resource Files</Filter>
    </None>
    <None Include="docs\release_notes.html">
      <Filter>Resource Files</Filter>
    </None>
    <None Include="icons\rms9.png">
      <Filter>Resource Files</Filter>
    </None>
    <None Include="icons\sadface.png">
      <Filter>Resource Files</Filter>
    </None>
    <None Include="icons\save.png">
      <Filter>Resource Files</Filter>
    </None>
    <None Include="docs\schema.xml">
      <Filter>Resource Files</Filter>
    </None>
    <None Include="docs\script.js">
      <Filter>Resource Files</Filter>
    </None>
    <None Include="icons\sdcard-lock.png">
      <Filter>Resource Files</Filter>
    </None>
    <None Include="icons\sdcard.png">
      <Filter>Resource Files</Filter>
    </None>
    <None Include="icons\session-off.png">
      <Filter>Resource Files</Filter>
    </None>
    <None Include="icons\session-on.png">
      <Filter>Resource Files</Filter>
    </None>
    <None Include="docs\sheep.png">
      <Filter>Resource Files</Filter>
    </None>
    <None Include="icons\smileyface.png">
      <Filter>Resource Files</Filter>
    </None>
    <None Include="icons\statistics.png">
      <Filter>Resource Files</Filter>
    </None>
    <None Include="docs\tooltips.css">
      <Filter>Resource Files</Filter>
    </None>
    <None Include="icons\trophy.png">
      <Filter>Resource Files</Filter>
    </None>
    <None Include="docs\tz.txt">
      <Filter>Resource Files</Filter>
    </None>
    <None Include="docs\usage.html">
      <Filter>Resource Files</Filter>
    </None>
  </ItemGroup>
  <ItemGroup>
    <None Include="..\README">
      <Filter>Distribution Files</Filter>
    </None>
  </ItemGroup>
  <ItemGroup>
    <ResourceCompile Include="win_icon.rc" />
  </ItemGroup>
</Project>